
Microsoft Visual Studio Solution File, Format Version 12.00
# Visual Studio Version 16
VisualStudioVersion = 16.0.29215.179
MinimumVisualStudioVersion = 10.0.40219.1
Project("{FAE04EC0-301F-11D3-BF4B-00C04F79EFBC}") = "capaPresentacion", "Program\capaPresentacion.csproj", "{613F245F-9F48-402E-A773-4A1F645333D5}"
EndProject
Project("{FAE04EC0-301F-11D3-BF4B-00C04F79EFBC}") = "capaLogicadeNegocio", "capaLogicadeNegocio\capaLogicadeNegocio.csproj", "{68573249-C63E-4E74-BBE6-82D3424FC862}"
EndProject
Project("{FAE04EC0-301F-11D3-BF4B-00C04F79EFBC}") = "capaAccesoaDatos", "capaAccesoaDatos\capaAccesoaDatos.csproj", "{095F52FD-5CCB-4BCF-8136-95AAF6FB7F30}"
EndProject
Global
	GlobalSection(SolutionConfigurationPlatforms) = preSolution
		Debug|Any CPU = Debug|Any CPU
		Release|Any CPU = Release|Any CPU
	EndGlobalSection
	GlobalSection(ProjectConfigurationPlatforms) = postSolution
		{613F245F-9F48-402E-A773-4A1F645333D5}.Debug|Any CPU.ActiveCfg = Debug|Any CPU
		{613F245F-9F48-402E-A773-4A1F645333D5}.Debug|Any CPU.Build.0 = Debug|Any CPU
		{613F245F-9F48-402E-A773-4A1F645333D5}.Release|Any CPU.ActiveCfg = Release|Any CPU
		{613F245F-9F48-402E-A773-4A1F645333D5}.Release|Any CPU.Build.0 = Release|Any CPU
		{68573249-C63E-4E74-BBE6-82D3424FC862}.Debug|Any CPU.ActiveCfg = Debug|Any CPU
		{68573249-C63E-4E74-BBE6-82D3424FC862}.Debug|Any CPU.Build.0 = Debug|Any CPU
		{68573249-C63E-4E74-BBE6-82D3424FC862}.Release|Any CPU.ActiveCfg = Release|Any CPU
		{68573249-C63E-4E74-BBE6-82D3424FC862}.Release|Any CPU.Build.0 = Release|Any CPU
		{095F52FD-5CCB-4BCF-8136-95AAF6FB7F30}.Debug|Any CPU.ActiveCfg = Debug|Any CPU
		{095F52FD-5CCB-4BCF-8136-95AAF6FB7F30}.Debug|Any CPU.Build.0 = Debug|Any CPU
		{095F52FD-5CCB-4BCF-8136-95AAF6FB7F30}.Release|Any CPU.ActiveCfg = Release|Any CPU
		{095F52FD-5CCB-4BCF-8136-95AAF6FB7F30}.Release|Any CPU.Build.0 = Release|Any CPU
	EndGlobalSection
	GlobalSection(SolutionProperties) = preSolution
		HideSolutionNode = FALSE
	EndGlobalSection
	GlobalSection(ExtensibilityGlobals) = postSolution
		SolutionGuid = {047CBD10-AA6A-45DD-8ADD-DF4B8F617FBF}
	EndGlobalSection
EndGlobal
